
Microsoft Visual Studio Solution File, Format Version 12.00
# Visual Studio Version 17
VisualStudioVersion = 17.9.34616.47
MinimumVisualStudioVersion = 10.0.40219.1
Project("{9A19103F-16F7-4668-BE54-9A1E7A4F7556}") = "Tabuada", "ESTRUTURA LOOP DE REPETIÇÃO 3\Tabuada.csproj", "{C93D28B1-BA7D-4862-B6E6-D08981C85336}"
EndProject
Global
	GlobalSection(SolutionConfigurationPlatforms) = preSolution
		Debug|Any CPU = Debug|Any CPU
		Release|Any CPU = Release|Any CPU
	EndGlobalSection
	GlobalSection(ProjectConfigurationPlatforms) = postSolution
		{C93D28B1-BA7D-4862-B6E6-D08981C85336}.Debug|Any CPU.ActiveCfg = Debug|Any CPU
		{C93D28B1-BA7D-4862-B6E6-D08981C85336}.Debug|Any CPU.Build.0 = Debug|Any CPU
		{C93D28B1-BA7D-4862-B6E6-D08981C85336}.Release|Any CPU.ActiveCfg = Release|Any CPU
		{C93D28B1-BA7D-4862-B6E6-D08981C85336}.Release|Any CPU.Build.0 = Release|Any CPU
	EndGlobalSection
	GlobalSection(SolutionProperties) = preSolution
		HideSolutionNode = FALSE
	EndGlobalSection
	GlobalSection(ExtensibilityGlobals) = postSolution
		SolutionGuid = {4128C164-0B80-46B6-BC55-DEECA39B7825}
	EndGlobalSection
EndGlobal
